// !$*UTF8*$!
{
	archiveVersion = 1;
	classes = {
	};
	objectVersion = 46;
	objects = {

/* Begin PBXBuildFile section */
		5528C3C81A7E8DA2000A1036 /* set.cpp in Sources */ = {isa = PBXBuildFile; fileRef = 5528C3C61A7E8DA2000A1036 /* set.cpp */; };
		5528C3CB1A7EA019000A1036 /* list.cpp in Sources */ = {isa = PBXBuildFile; fileRef = 5528C3C91A7EA019000A1036 /* list.cpp */; };
		555E42071A8E30DA00703807 /* progress.cpp in Sources */ = {isa = PBXBuildFile; fileRef = 555E42051A8E30DA00703807 /* progress.cpp */; };
		555E81611A759DF80002F948 /* main.cpp in Sources */ = {isa = PBXBuildFile; fileRef = 555E81601A759DF80002F948 /* main.cpp */; };
		555E81691A759E170002F948 /* block.cpp in Sources */ = {isa = PBXBuildFile; fileRef = 555E81671A759E170002F948 /* block.cpp */; };
		555E816C1A75A7920002F948 /* sudoku.cpp in Sources */ = {isa = PBXBuildFile; fileRef = 555E816A1A75A7920002F948 /* sudoku.cpp */; };
/* End PBXBuildFile section */

/* Begin PBXCopyFilesBuildPhase section */
		555E815B1A759DF80002F948 /* CopyFiles */ = {
			isa = PBXCopyFilesBuildPhase;
			buildActionMask = 2147483647;
			dstPath = /usr/share/man/man1/;
			dstSubfolderSpec = 0;
			files = (
			);
			runOnlyForDeploymentPostprocessing = 1;
		};
/* End PBXCopyFilesBuildPhase section */

/* Begin PBXFileReference section */
		5528C3C61A7E8DA2000A1036 /* set.cpp */ = {isa = PBXFileReference; fileEncoding = 4; lastKnownFileType = sourcecode.cpp.cpp; path = set.cpp; sourceTree = "<group>"; };
		5528C3C71A7E8DA2000A1036 /* set.h */ = {isa = PBXFileReference; fileEncoding = 4; lastKnownFileType = sourcecode.c.h; path = set.h; sourceTree = "<group>"; };
		5528C3C91A7EA019000A1036 /* list.cpp */ = {isa = PBXFileReference; fileEncoding = 4; lastKnownFileType = sourcecode.cpp.cpp; path = list.cpp; sourceTree = "<group>"; };
		5528C3CA1A7EA019000A1036 /* list.h */ = {isa = PBXFileReference; fileEncoding = 4; lastKnownFileType = sourcecode.c.h; path = list.h; sourceTree = "<group>"; };
		555E42051A8E30DA00703807 /* progress.cpp */ = {isa = PBXFileReference; fileEncoding = 4; lastKnownFileType = sourcecode.cpp.cpp; path = progress.cpp; sourceTree = "<group>"; };
		555E42061A8E30DA00703807 /* progress.h */ = {isa = PBXFileReference; fileEncoding = 4; lastKnownFileType = sourcecode.c.h; path = progress.h; sourceTree = "<group>"; };
		555E815D1A759DF80002F948 /* Sudoku Solver */ = {isa = PBXFileReference; explicitFileType = "compiled.mach-o.executable"; includeInIndex = 0; path = "Sudoku Solver"; sourceTree = BUILT_PRODUCTS_DIR; };
		555E81601A759DF80002F948 /* main.cpp */ = {isa = PBXFileReference; lastKnownFileType = sourcecode.cpp.cpp; path = main.cpp; sourceTree = "<group>"; };
		555E81671A759E170002F948 /* block.cpp */ = {isa = PBXFileReference; fileEncoding = 4; lastKnownFileType = sourcecode.cpp.cpp; path = block.cpp; sourceTree = "<group>"; };
		555E81681A759E170002F948 /* block.h */ = {isa = PBXFileReference; fileEncoding = 4; lastKnownFileType = sourcecode.c.h; path = block.h; sourceTree = "<group>"; };
		555E816A1A75A7920002F948 /* sudoku.cpp */ = {isa = PBXFileReference; fileEncoding = 4; lastKnownFileType = sourcecode.cpp.cpp; path = sudoku.cpp; sourceTree = "<group>"; };
		555E816B1A75A7920002F948 /* sudoku.h */ = {isa = PBXFileReference; fileEncoding = 4; lastKnownFileType = sourcecode.c.h; path = sudoku.h; sourceTree = "<group>"; };
/* End PBXFileReference section */

/* Begin PBXFrameworksBuildPhase section */
		555E815A1A759DF80002F948 /* Frameworks */ = {
			isa = PBXFrameworksBuildPhase;
			buildActionMask = 2147483647;
			files = (
			);
			runOnlyForDeploymentPostprocessing = 0;
		};
/* End PBXFrameworksBuildPhase section */

/* Begin PBXGroup section */
		555E81541A759DF80002F948 = {
			isa = PBXGroup;
			children = (
				555E815F1A759DF80002F948 /* Sudoku Solver */,
				555E815E1A759DF80002F948 /* Products */,
			);
			sourceTree = "<group>";
		};
		555E815E1A759DF80002F948 /* Products */ = {
			isa = PBXGroup;
			children = (
				555E815D1A759DF80002F948 /* Sudoku Solver */,
			);
			name = Products;
			sourceTree = "<group>";
		};
		555E815F1A759DF80002F948 /* Sudoku Solver */ = {
			isa = PBXGroup;
			children = (
				555E81601A759DF80002F948 /* main.cpp */,
				555E816A1A75A7920002F948 /* sudoku.cpp */,
				555E816B1A75A7920002F948 /* sudoku.h */,
				5528C3C61A7E8DA2000A1036 /* set.cpp */,
				5528C3C71A7E8DA2000A1036 /* set.h */,
				5528C3C91A7EA019000A1036 /* list.cpp */,
				5528C3CA1A7EA019000A1036 /* list.h */,
				555E81671A759E170002F948 /* block.cpp */,
				555E81681A759E170002F948 /* block.h */,
				555E42051A8E30DA00703807 /* progress.cpp */,
				555E42061A8E30DA00703807 /* progress.h */,
			);
			path = "Sudoku Solver";
			sourceTree = "<group>";
		};
/* End PBXGroup section */

/* Begin PBXNativeTarget section */
		555E815C1A759DF80002F948 /* Sudoku Solver */ = {
			isa = PBXNativeTarget;
			buildConfigurationList = 555E81641A759DF80002F948 /* Build configuration list for PBXNativeTarget "Sudoku Solver" */;
			buildPhases = (
				555E81591A759DF80002F948 /* Sources */,
				555E815A1A759DF80002F948 /* Frameworks */,
				555E815B1A759DF80002F948 /* CopyFiles */,
			);
			buildRules = (
			);
			dependencies = (
			);
			name = "Sudoku Solver";
			productName = "Sudoku Solver";
			productReference = 555E815D1A759DF80002F948 /* Sudoku Solver */;
			productType = "com.apple.product-type.tool";
		};
/* End PBXNativeTarget section */

/* Begin PBXProject section */
		555E81551A759DF80002F948 /* Project object */ = {
			isa = PBXProject;
			attributes = {
				LastUpgradeCheck = 0610;
				ORGANIZATIONNAME = "David Cronin";
				TargetAttributes = {
					555E815C1A759DF80002F948 = {
						CreatedOnToolsVersion = 6.1.1;
					};
				};
			};
			buildConfigurationList = 555E81581A759DF80002F948 /* Build configuration list for PBXProject "Sudoku Solver" */;
			compatibilityVersion = "Xcode 3.2";
			developmentRegion = English;
			hasScannedForEncodings = 0;
			knownRegions = (
				en,
			);
			mainGroup = 555E81541A759DF80002F948;
			productRefGroup = 555E815E1A759DF80002F948 /* Products */;
			projectDirPath = "";
			projectRoot = "";
			targets = (
				555E815C1A759DF80002F948 /* Sudoku Solver */,
			);
		};
/* End PBXProject section */

/* Begin PBXSourcesBuildPhase section */
		555E81591A759DF80002F948 /* Sources */ = {
			isa = PBXSourcesBuildPhase;
			buildActionMask = 2147483647;
			files = (
				5528C3C81A7E8DA2000A1036 /* set.cpp in Sources */,
				555E81611A759DF80002F948 /* main.cpp in Sources */,
				555E42071A8E30DA00703807 /* progress.cpp in Sources */,
				555E816C1A75A7920002F948 /* sudoku.cpp in Sources */,
				5528C3CB1A7EA019000A1036 /* list.cpp in Sources */,
				555E81691A759E170002F948 /* block.cpp in Sources */,
			);
			runOnlyForDeploymentPostprocessing = 0;
		};
/* End PBXSourcesBuildPhase section */

/* Begin XCBuildConfiguration section */
		555E81621A759DF80002F948 /* Debug */ = {
			isa = XCBuildConfiguration;
			buildSettings = {
				ALWAYS_SEARCH_USER_PATHS = NO;
				CLANG_CXX_LANGUAGE_STANDARD = "gnu++0x";
				CLANG_CXX_LIBRARY = "libc++";
				CLANG_ENABLE_MODULES = YES;
				CLANG_ENABLE_OBJC_ARC = YES;
				CLANG_WARN_BOOL_CONVERSION = YES;
				CLANG_WARN_CONSTANT_CONVERSION = YES;
				CLANG_WARN_DIRECT_OBJC_ISA_USAGE = YES_ERROR;
				CLANG_WARN_EMPTY_BODY = YES;
				CLANG_WARN_ENUM_CONVERSION = YES;
				CLANG_WARN_INT_CONVERSION = YES;
				CLANG_WARN_OBJC_ROOT_CLASS = YES_ERROR;
				CLANG_WARN_UNREACHABLE_CODE = YES;
				CLANG_WARN__DUPLICATE_METHOD_MATCH = YES;
				COPY_PHASE_STRIP = NO;
				ENABLE_STRICT_OBJC_MSGSEND = YES;
				GCC_C_LANGUAGE_STANDARD = gnu99;
				GCC_DYNAMIC_NO_PIC = NO;
				GCC_OPTIMIZATION_LEVEL = 0;
				GCC_PREPROCESSOR_DEFINITIONS = (
					"DEBUG=1",
					"$(inherited)",
				);
				GCC_SYMBOLS_PRIVATE_EXTERN = NO;
				GCC_WARN_64_TO_32_BIT_CONVERSION = YES;
				GCC_WARN_ABOUT_RETURN_TYPE = YES_ERROR;
				GCC_WARN_UNDECLARED_SELECTOR = YES;
				GCC_WARN_UNINITIALIZED_AUTOS = YES_AGGRESSIVE;
				GCC_WARN_UNUSED_FUNCTION = YES;
				GCC_WARN_UNUSED_VARIABLE = YES;
				MACOSX_DEPLOYMENT_TARGET = 10.10;
				MTL_ENABLE_DEBUG_INFO = YES;
				ONLY_ACTIVE_ARCH = YES;
				SDKROOT = macosx;
			};
			name = Debug;
		};
		555E81631A759DF80002F948 /* Release */ = {
			isa = XCBuildConfiguration;
			buildSettings = {
				ALWAYS_SEARCH_USER_PATHS = NO;
				CLANG_CXX_LANGUAGE_STANDARD = "gnu++0x";
				CLANG_CXX_LIBRARY = "libc++";
				CLANG_ENABLE_MODULES = YES;
				CLANG_ENABLE_OBJC_ARC = YES;
				CLANG_WARN_BOOL_CONVERSION = YES;
				CLANG_WARN_CONSTANT_CONVERSION = YES;
				CLANG_WARN_DIRECT_OBJC_ISA_USAGE = YES_ERROR;
				CLANG_WARN_EMPTY_BODY = YES;
				CLANG_WARN_ENUM_CONVERSION = YES;
				CLANG_WARN_INT_CONVERSION = YES;
				CLANG_WARN_OBJC_ROOT_CLASS = YES_ERROR;
				CLANG_WARN_UNREACHABLE_CODE = YES;
				CLANG_WARN__DUPLICATE_METHOD_MATCH = YES;
				COPY_PHASE_STRIP = YES;
				DEBUG_INFORMATION_FORMAT = "dwarf-with-dsym";
				ENABLE_NS_ASSERTIONS = NO;
				ENABLE_STRICT_OBJC_MSGSEND = YES;
				GCC_C_LANGUAGE_STANDARD = gnu99;
				GCC_WARN_64_TO_32_BIT_CONVERSION = YES;
				GCC_WARN_ABOUT_RETURN_TYPE = YES_ERROR;
				GCC_WARN_UNDECLARED_SELECTOR = YES;
				GCC_WARN_UNINITIALIZED_AUTOS = YES_AGGRESSIVE;
				GCC_WARN_UNUSED_FUNCTION = YES;
				GCC_WARN_UNUSED_VARIABLE = YES;
				MACOSX_DEPLOYMENT_TARGET = 10.10;
				MTL_ENABLE_DEBUG_INFO = NO;
				SDKROOT = macosx;
			};
			name = Release;
		};
		555E81651A759DF80002F948 /* Debug */ = {
			isa = XCBuildConfiguration;
			buildSettings = {
				PRODUCT_NAME = "$(TARGET_NAME)";
			};
			name = Debug;
		};
		555E81661A759DF80002F948 /* Release */ = {
			isa = XCBuildConfiguration;
			buildSettings = {
				PRODUCT_NAME = "$(TARGET_NAME)";
			};
			name = Release;
		};
/* End XCBuildConfiguration section */

/* Begin XCConfigurationList section */
		555E81581A759DF80002F948 /* Build configuration list for PBXProject "Sudoku Solver" */ = {
			isa = XCConfigurationList;
			buildConfigurations = (
				555E81621A759DF80002F948 /* Debug */,
				555E81631A759DF80002F948 /* Release */,
			);
			defaultConfigurationIsVisible = 0;
			defaultConfigurationName = Release;
		};
		555E81641A759DF80002F948 /* Build configuration list for PBXNativeTarget "Sudoku Solver" */ = {
			isa = XCConfigurationList;
			buildConfigurations = (
				555E81651A759DF80002F948 /* Debug */,
				555E81661A759DF80002F948 /* Release */,
			);
			defaultConfigurationIsVisible = 0;
			defaultConfigurationName = Release;
		};
/* End XCConfigurationList section */
	};
	rootObject = 555E81551A759DF80002F948 /* Project object */;
}
